// !$*UTF8*$!
{
	archiveVersion = 1;
	classes = {
	};
	objectVersion = 56;
	objects = {

/* Begin PBXBuildFile section */
		E31DE7EA28D5DE0C00DE79EF /* IsSilentModeOn.swift in Sources */ = {isa = PBXBuildFile; fileRef = E31DE7E928D5DE0C00DE79EF /* IsSilentModeOn.swift */; };
		E31DE7EC28D5DEF800DE79EF /* TruncateText.swift in Sources */ = {isa = PBXBuildFile; fileRef = E31DE7EB28D5DEF800DE79EF /* TruncateText.swift */; };
		E31DE7EF28D5E14400DE79EF /* RoundNumberToMultiple.swift in Sources */ = {isa = PBXBuildFile; fileRef = E31DE7ED28D5E14400DE79EF /* RoundNumberToMultiple.swift */; };
		E31DE7F228D5E30C00DE79EF /* IsOnline.swift in Sources */ = {isa = PBXBuildFile; fileRef = E31DE7F128D5E30C00DE79EF /* IsOnline.swift */; };
		E31DE7F428D5E3B400DE79EF /* GeoURI.swift in Sources */ = {isa = PBXBuildFile; fileRef = E31DE7F328D5E3B400DE79EF /* GeoURI.swift */; };
		E31DE7F628D5E50400DE79EF /* IsReachable.swift in Sources */ = {isa = PBXBuildFile; fileRef = E31DE7F528D5E50400DE79EF /* IsReachable.swift */; };
		E31DE7F828D5E94500DE79EF /* IsWiFiOn.swift in Sources */ = {isa = PBXBuildFile; fileRef = E31DE7F728D5E94500DE79EF /* IsWiFiOn.swift */; };
		E31DE80328D619DB00DE79EF /* GetDeviceOrientation.swift in Sources */ = {isa = PBXBuildFile; fileRef = E31DE80128D619DB00DE79EF /* GetDeviceOrientation.swift */; };
		E31DE80628D61E4500DE79EF /* GetQueryItemValueFromURL.swift in Sources */ = {isa = PBXBuildFile; fileRef = E31DE80528D61E4500DE79EF /* GetQueryItemValueFromURL.swift */; };
		E31DE80928D61FE800DE79EF /* GetQueryItemsFromURL.swift in Sources */ = {isa = PBXBuildFile; fileRef = E31DE80728D61FE800DE79EF /* GetQueryItemsFromURL.swift */; };
		E31DE80C28D62ACC00DE79EF /* GetQueryItemsFromURLAsDictionary.swift in Sources */ = {isa = PBXBuildFile; fileRef = E31DE80B28D62ACC00DE79EF /* GetQueryItemsFromURLAsDictionary.swift */; };
		E31DE80E28D62CE200DE79EF /* FormatNumberCompact.swift in Sources */ = {isa = PBXBuildFile; fileRef = E31DE80D28D62CE200DE79EF /* FormatNumberCompact.swift */; };
		E324C9FF271E972300E7CA9B /* App.swift in Sources */ = {isa = PBXBuildFile; fileRef = E324C9EF271E972200E7CA9B /* App.swift */; };
		E324CA01271E972300E7CA9B /* MainScreen.swift in Sources */ = {isa = PBXBuildFile; fileRef = E324C9F0271E972200E7CA9B /* MainScreen.swift */; };
		E324CA03271E972300E7CA9B /* Assets.xcassets in Resources */ = {isa = PBXBuildFile; fileRef = E324C9F1271E972300E7CA9B /* Assets.xcassets */; };
		E337A3E127E850EC0073E865 /* ChooseFromListScreen.swift in Sources */ = {isa = PBXBuildFile; fileRef = E337A3DF27E850EC0073E865 /* ChooseFromListScreen.swift */; };
		E337A3E627E8BA6B0073E865 /* FuzzyFind in Frameworks */ = {isa = PBXBuildFile; productRef = E337A3E527E8BA6B0073E865 /* FuzzyFind */; };
		E33D4BA62744238300CC7A8A /* AppState.swift in Sources */ = {isa = PBXBuildFile; fileRef = E33D4BA42744238300CC7A8A /* AppState.swift */; };
		E34AB51628F58B500082AE78 /* Authenticate.swift in Sources */ = {isa = PBXBuildFile; fileRef = E34AB51528F58B500082AE78 /* Authenticate.swift */; };
		E34AB51828F5AA170082AE78 /* ConvertCoordinatesToLocation.swift in Sources */ = {isa = PBXBuildFile; fileRef = E34AB51728F5AA170082AE78 /* ConvertCoordinatesToLocation.swift */; };
		E351082F28FD099B007C85AE /* IsCellularDataOn.swift in Sources */ = {isa = PBXBuildFile; fileRef = E351082E28FD099B007C85AE /* IsCellularDataOn.swift */; };
		E351083128FD14A2007C85AE /* HexEncode.swift in Sources */ = {isa = PBXBuildFile; fileRef = E351083028FD14A2007C85AE /* HexEncode.swift */; };
		E351083628FD79D8007C85AE /* OverwriteFile.swift in Sources */ = {isa = PBXBuildFile; fileRef = E351083528FD79D8007C85AE /* OverwriteFile.swift */; };
		E351083928FD8089007C85AE /* Sentry in Frameworks */ = {isa = PBXBuildFile; productRef = E351083828FD8089007C85AE /* Sentry */; };
		E352420628F6CAAD00A957A7 /* ReverseLines.swift in Sources */ = {isa = PBXBuildFile; fileRef = E352420528F6CAAD00A957A7 /* ReverseLines.swift */; };
		E352420A28F6EEDE00A957A7 /* AskForText.swift in Sources */ = {isa = PBXBuildFile; fileRef = E352420928F6EEDE00A957A7 /* AskForText.swift */; };
		E352420C28F6F6AD00A957A7 /* AskForTextScreen.swift in Sources */ = {isa = PBXBuildFile; fileRef = E352420B28F6F6AD00A957A7 /* AskForTextScreen.swift */; };
		E396D58A2910EC91002A1043 /* SoulverCore in Frameworks */ = {isa = PBXBuildFile; productRef = E396D5892910EC91002A1043 /* SoulverCore */; };
		E3A85FE528E94E7300F423F1 /* FormatPersonName.swift in Sources */ = {isa = PBXBuildFile; fileRef = E3A85FE428E94E7300F423F1 /* FormatPersonName.swift */; };
		E3B1C3C428F5D68D009BE0B7 /* GetIndexOfListItem.swift in Sources */ = {isa = PBXBuildFile; fileRef = E3B1C3C328F5D68D009BE0B7 /* GetIndexOfListItem.swift */; };
		E3BFF7B22742616400B830DE /* WriteTextScreen.swift in Sources */ = {isa = PBXBuildFile; fileRef = E3BFF7B02742616400B830DE /* WriteTextScreen.swift */; };
		E3BFF7B527428F5200B830DE /* WelcomeScreen.swift in Sources */ = {isa = PBXBuildFile; fileRef = E3BFF7B327428F5200B830DE /* WelcomeScreen.swift */; };
		E3BFF7B82742A79100B830DE /* AppIcon.swift in Sources */ = {isa = PBXBuildFile; fileRef = E3BFF7B62742A79100B830DE /* AppIcon.swift */; };
		E3C33C9228D356A200386C59 /* ApplyCaptureDate.swift in Sources */ = {isa = PBXBuildFile; fileRef = E3C33C9128D3569F00386C59 /* ApplyCaptureDate.swift */; };
		E3C33C9528D35B9C00386C59 /* SetFileCreationModificationDate.swift in Sources */ = {isa = PBXBuildFile; fileRef = E3C33C9328D35B9C00386C59 /* SetFileCreationModificationDate.swift */; };
		E3C33C9828D35D7400386C59 /* CombineLists.swift in Sources */ = {isa = PBXBuildFile; fileRef = E3C33C9728D35D7400386C59 /* CombineLists.swift */; };
		E3C33C9A28D35F3D00386C59 /* GetMusicPlaylists.swift in Sources */ = {isa = PBXBuildFile; fileRef = E3C33C9928D35F3D00386C59 /* GetMusicPlaylists.swift */; };
		E3C33C9D28D376C400386C59 /* FilterList.swift in Sources */ = {isa = PBXBuildFile; fileRef = E3C33C9B28D376C400386C59 /* FilterList.swift */; };
		E3C33CA028D37C7E00386C59 /* TruncateList.swift in Sources */ = {isa = PBXBuildFile; fileRef = E3C33C9F28D37C7E00386C59 /* TruncateList.swift */; };
		E3C33CA228D37E2B00386C59 /* GetEmojis.swift in Sources */ = {isa = PBXBuildFile; fileRef = E3C33CA128D37E2B00386C59 /* GetEmojis.swift */; };
		E3C33CA428D38AF600386C59 /* SendFeedback.swift in Sources */ = {isa = PBXBuildFile; fileRef = E3C33CA328D38AF600386C59 /* SendFeedback.swift */; };
		E3C33CA628D3A52300386C59 /* IsAudioPlaying.swift in Sources */ = {isa = PBXBuildFile; fileRef = E3C33CA528D3A52300386C59 /* IsAudioPlaying.swift */; };
		E3C33CA828D3A6CB00386C59 /* IsBluetoothOn.swift in Sources */ = {isa = PBXBuildFile; fileRef = E3C33CA728D3A6CB00386C59 /* IsBluetoothOn.swift */; };
		E3C33CAA28D3A81700386C59 /* IsDarkMode.swift in Sources */ = {isa = PBXBuildFile; fileRef = E3C33CA928D3A81700386C59 /* IsDarkMode.swift */; };
		E3C33CAD28D3A96700386C59 /* GetUserDetails.swift in Sources */ = {isa = PBXBuildFile; fileRef = E3C33CAB28D3A96700386C59 /* GetUserDetails.swift */; };
		E3C33CB028D3B3EF00386C59 /* IsConnectedToVPN.swift in Sources */ = {isa = PBXBuildFile; fileRef = E3C33CAF28D3B3EF00386C59 /* IsConnectedToVPN.swift */; };
		E3C33CB228D43C7500386C59 /* GetTitleOfURL.swift in Sources */ = {isa = PBXBuildFile; fileRef = E3C33CB128D43C7500386C59 /* GetTitleOfURL.swift */; };
		E3C33CB528D43DDA00386C59 /* GetBatteryState.swift in Sources */ = {isa = PBXBuildFile; fileRef = E3C33CB328D43DDA00386C59 /* GetBatteryState.swift */; };
		E3C33CB828D43FCF00386C59 /* IsLowPowerMode.swift in Sources */ = {isa = PBXBuildFile; fileRef = E3C33CB728D43FCF00386C59 /* IsLowPowerMode.swift */; };
		E3C33CBA28D4406500386C59 /* RemoveNonPrintableCharacters.swift in Sources */ = {isa = PBXBuildFile; fileRef = E3C33CB928D4406500386C59 /* RemoveNonPrintableCharacters.swift */; };
		E3C33CBD28D4413E00386C59 /* FormatCurrency.swift in Sources */ = {isa = PBXBuildFile; fileRef = E3C33CBB28D4413E00386C59 /* FormatCurrency.swift */; };
		E3C33CDC28D48C3200386C59 /* GetRunningApps.swift in Sources */ = {isa = PBXBuildFile; fileRef = E3C33CDA28D48C3200386C59 /* GetRunningApps.swift */; };
		E3C33CDF28D4914C00386C59 /* GetAudioPlaybackDestination.swift in Sources */ = {isa = PBXBuildFile; fileRef = E3C33CDE28D4914C00386C59 /* GetAudioPlaybackDestination.swift */; };
		E3CB448828D717CA0031D55F /* IsDeviceOrientation.swift in Sources */ = {isa = PBXBuildFile; fileRef = E3CB448628D717CA0031D55F /* IsDeviceOrientation.swift */; };
		E3CB448B28D71A180031D55F /* IsScreenLocked.swift in Sources */ = {isa = PBXBuildFile; fileRef = E3CB448A28D71A180031D55F /* IsScreenLocked.swift */; };
		E3CB448E28D77A470031D55F /* TransformLists.swift in Sources */ = {isa = PBXBuildFile; fileRef = E3CB448C28D77A440031D55F /* TransformLists.swift */; };
		E3CB449028D77E840031D55F /* PrettyPrintDictionaries.swift in Sources */ = {isa = PBXBuildFile; fileRef = E3CB448F28D77E840031D55F /* PrettyPrintDictionaries.swift */; };
		E3CB449228D7803C0031D55F /* ParseJSON5.swift in Sources */ = {isa = PBXBuildFile; fileRef = E3CB449128D7803C0031D55F /* ParseJSON5.swift */; };
		E3CB449528D782FE0031D55F /* GetRelatedWords.swift in Sources */ = {isa = PBXBuildFile; fileRef = E3CB449328D782FE0031D55F /* GetRelatedWords.swift */; };
		E3CB449928D78CBE0031D55F /* ParseCSV.swift in Sources */ = {isa = PBXBuildFile; fileRef = E3CB449728D78CBE0031D55F /* ParseCSV.swift */; };
		E3CB449C28D78F4C0031D55F /* GetFileIcon.swift in Sources */ = {isa = PBXBuildFile; fileRef = E3CB449B28D78F4C0031D55F /* GetFileIcon.swift */; };
		E3CB449F28D791D40031D55F /* GenerateCSV.swift in Sources */ = {isa = PBXBuildFile; fileRef = E3CB449D28D791D40031D55F /* GenerateCSV.swift */; };
		E3CB44A228D794DA0031D55F /* MergeDictionaries.swift in Sources */ = {isa = PBXBuildFile; fileRef = E3CB44A128D794DA0031D55F /* MergeDictionaries.swift */; };
		E3CB44A528D7972B0031D55F /* GetUnsplashImage.swift in Sources */ = {isa = PBXBuildFile; fileRef = E3CB44A328D7972B0031D55F /* GetUnsplashImage.swift */; };
		E3CB44A828D79EF90031D55F /* ScanQRCodesInImage.swift in Sources */ = {isa = PBXBuildFile; fileRef = E3CB44A728D79EF90031D55F /* ScanQRCodesInImage.swift */; };
		E3CB44AB28D7A10C0031D55F /* TranscribeAudio.swift in Sources */ = {isa = PBXBuildFile; fileRef = E3CB44A928D7A10C0031D55F /* TranscribeAudio.swift */; };
		E3CB44AF28D7A6BA0031D55F /* SpellOutNumber.swift in Sources */ = {isa = PBXBuildFile; fileRef = E3CB44AD28D7A6BA0031D55F /* SpellOutNumber.swift */; };
		E3CF4F9828FDA7EB00BD88D5 /* GenerateRandomData.swift in Sources */ = {isa = PBXBuildFile; fileRef = E3CF4F9728FDA7EB00BD88D5 /* GenerateRandomData.swift */; };
		E3D514C628EEA6B9003F7C2E /* PlayAlertSound.swift in Sources */ = {isa = PBXBuildFile; fileRef = E3D514C528EEA6B9003F7C2E /* PlayAlertSound.swift */; };
		E3D514C828EEA8F8003F7C2E /* FlashScreen.swift in Sources */ = {isa = PBXBuildFile; fileRef = E3D514C728EEA8F8003F7C2E /* FlashScreen.swift */; };
		E3D514CA28EEAAEC003F7C2E /* CalculateWithSoulver.swift in Sources */ = {isa = PBXBuildFile; fileRef = E3D514C928EEAAEC003F7C2E /* CalculateWithSoulver.swift */; };
		E3DB884D28E6E3AD00FEE8D6 /* HapticFeedback.swift in Sources */ = {isa = PBXBuildFile; fileRef = E3DB884B28E6E3AD00FEE8D6 /* HapticFeedback.swift */; };
		E3DB885028E6EE7B00FEE8D6 /* HideShortcutsApp.swift in Sources */ = {isa = PBXBuildFile; fileRef = E3DB884F28E6EE7B00FEE8D6 /* HideShortcutsApp.swift */; };
		E3DB885228E6EFBB00FEE8D6 /* ScanDocuments.swift in Sources */ = {isa = PBXBuildFile; fileRef = E3DB885128E6EFBB00FEE8D6 /* ScanDocuments.swift */; };
		E3DB885428E7057100FEE8D6 /* WriteText.swift in Sources */ = {isa = PBXBuildFile; fileRef = E3DB885328E7057100FEE8D6 /* WriteText.swift */; };
		E3DB885728E727E200FEE8D6 /* ChooseFromListExtended.swift in Sources */ = {isa = PBXBuildFile; fileRef = E3DB885528E727E200FEE8D6 /* ChooseFromListExtended.swift */; };
		E3DB886C28E7549800FEE8D6 /* Constants.swift in Sources */ = {isa = PBXBuildFile; fileRef = E3DB886B28E7549800FEE8D6 /* Constants.swift */; };
		E3EA7D7B28EAC2210043F782 /* BlurImages.swift in Sources */ = {isa = PBXBuildFile; fileRef = E3EA7D7A28EAC2210043F782 /* BlurImages.swift */; };
		E3EC2DAE28D1E77700A88E25 /* TransformText.swift in Sources */ = {isa = PBXBuildFile; fileRef = E3EC2DAA28D1E33B00A88E25 /* TransformText.swift */; };
		E3EC2DB028D1EA6B00A88E25 /* GenerateUUID.swift in Sources */ = {isa = PBXBuildFile; fileRef = E3EC2DAF28D1EA6B00A88E25 /* GenerateUUID.swift */; };
		E3EC2DB228D1F23D00A88E25 /* GetRandomEmoticon.swift in Sources */ = {isa = PBXBuildFile; fileRef = E3EC2DB128D1F23D00A88E25 /* GetRandomEmoticon.swift */; };
		E3EC2DB428D1F3A300A88E25 /* GetRandomBoolean.swift in Sources */ = {isa = PBXBuildFile; fileRef = E3EC2DB328D1F3A300A88E25 /* GetRandomBoolean.swift */; };
		E3EC2DB628D1F51F00A88E25 /* RemoveEmojis.swift in Sources */ = {isa = PBXBuildFile; fileRef = E3EC2DB528D1F51F00A88E25 /* RemoveEmojis.swift */; };
		E3EC2DB828D1F76100A88E25 /* TrimWhitespace.swift in Sources */ = {isa = PBXBuildFile; fileRef = E3EC2DB728D1F76100A88E25 /* TrimWhitespace.swift */; };
		E3EC2DBA28D1F8B500A88E25 /* GetRandomInstant.swift in Sources */ = {isa = PBXBuildFile; fileRef = E3EC2DB928D1F8B500A88E25 /* GetRandomInstant.swift */; };
		E3EC2DBC28D2008000A88E25 /* GetRandomFloatingPointNumber.swift in Sources */ = {isa = PBXBuildFile; fileRef = E3EC2DBB28D2008000A88E25 /* GetRandomFloatingPointNumber.swift */; };
		E3EC2DBF28D2045300A88E25 /* SortList.swift in Sources */ = {isa = PBXBuildFile; fileRef = E3EC2DBD28D2045300A88E25 /* SortList.swift */; };
		E3EC2DC228D20D0400A88E25 /* ShuffleList.swift in Sources */ = {isa = PBXBuildFile; fileRef = E3EC2DC128D20D0400A88E25 /* ShuffleList.swift */; };
		E3EC2DC428D215A100A88E25 /* RemoveDuplicatesFromList.swift in Sources */ = {isa = PBXBuildFile; fileRef = E3EC2DC328D215A100A88E25 /* RemoveDuplicatesFromList.swift */; };
		E3EC2DC628D2181F00A88E25 /* ReverseList.swift in Sources */ = {isa = PBXBuildFile; fileRef = E3EC2DC528D2181F00A88E25 /* ReverseList.swift */; };
		E3EC2DC828D2197400A88E25 /* ClampNumber.swift in Sources */ = {isa = PBXBuildFile; fileRef = E3EC2DC728D2197400A88E25 /* ClampNumber.swift */; };
		E3EC2DCA28D22B6F00A88E25 /* RemoveEmptyLines.swift in Sources */ = {isa = PBXBuildFile; fileRef = E3EC2DC928D22B6F00A88E25 /* RemoveEmptyLines.swift */; };
		E3EC2DCC28D22CDC00A88E25 /* TransformTextWithJavaScript.swift in Sources */ = {isa = PBXBuildFile; fileRef = E3EC2DCB28D22CDC00A88E25 /* TransformTextWithJavaScript.swift */; };
		E3EC2DCF28D238AB00A88E25 /* GetRandomColor.swift in Sources */ = {isa = PBXBuildFile; fileRef = E3EC2DCD28D238AB00A88E25 /* GetRandomColor.swift */; };
		E3EC2DD328D240AE00A88E25 /* SampleColor.swift in Sources */ = {isa = PBXBuildFile; fileRef = E3EC2DD128D240AE00A88E25 /* SampleColor.swift */; };
		E3EC2DD628D2430100A88E25 /* GetUniformTypeIdentifier.swift in Sources */ = {isa = PBXBuildFile; fileRef = E3EC2DD528D2430100A88E25 /* GetUniformTypeIdentifier.swift */; };
		E3EC2DD828D244B200A88E25 /* FormatDateDifference.swift in Sources */ = {isa = PBXBuildFile; fileRef = E3EC2DD728D244B200A88E25 /* FormatDateDifference.swift */; };
		E3EC2DDB28D246BC00A88E25 /* GetFilePath.swift in Sources */ = {isa = PBXBuildFile; fileRef = E3EC2DD928D246BC00A88E25 /* GetFilePath.swift */; };
		E3EC2DDE28D24CD900A88E25 /* ConvertDateToUnixTime.swift in Sources */ = {isa = PBXBuildFile; fileRef = E3EC2DDD28D24CD900A88E25 /* ConvertDateToUnixTime.swift */; };
		E3EC2DE028D255BB00A88E25 /* ConvertUnixTimeToDate.swift in Sources */ = {isa = PBXBuildFile; fileRef = E3EC2DDF28D253D600A88E25 /* ConvertUnixTimeToDate.swift */; };
		E3EC2DE228D2588800A88E25 /* CreateURL.swift in Sources */ = {isa = PBXBuildFile; fileRef = E3EC2DE128D2588800A88E25 /* CreateURL.swift */; };
		E3EC2DE428D25CF300A88E25 /* RemoveDuplicateLines.swift in Sources */ = {isa = PBXBuildFile; fileRef = E3EC2DE328D25CF300A88E25 /* RemoveDuplicateLines.swift */; };
		E3EC2DE628D25DF900A88E25 /* AddToList.swift in Sources */ = {isa = PBXBuildFile; fileRef = E3EC2DE528D25DF900A88E25 /* AddToList.swift */; };
		E3EC2DE828D2DB1000A88E25 /* GenerateRandomText.swift in Sources */ = {isa = PBXBuildFile; fileRef = E3EC2DE728D2DB1000A88E25 /* GenerateRandomText.swift */; };
		E3EC2DEB28D2E5B900A88E25 /* RemoveFromList.swift in Sources */ = {isa = PBXBuildFile; fileRef = E3EC2DE928D2E5B900A88E25 /* RemoveFromList.swift */; };
		E3F64D6D28D9EDFE0009B500 /* FormatDuration.swift in Sources */ = {isa = PBXBuildFile; fileRef = E3F64D6B28D9EDFE0009B500 /* FormatDuration.swift */; };
		E3F64D7028D9EFE80009B500 /* ExceptionCatcher in Frameworks */ = {isa = PBXBuildFile; productRef = E3F64D6F28D9EFE80009B500 /* ExceptionCatcher */; };
		E3F64D7328D9F3810009B500 /* EditURL.swift in Sources */ = {isa = PBXBuildFile; fileRef = E3F64D7128D9F3810009B500 /* EditURL.swift */; };
		E3F64D7628D9F9930009B500 /* CreateColorImage.swift in Sources */ = {isa = PBXBuildFile; fileRef = E3F64D7528D9F9930009B500 /* CreateColorImage.swift */; };
		E3F64D7928D9FCA20009B500 /* GetSymbolImage.swift in Sources */ = {isa = PBXBuildFile; fileRef = E3F64D7728D9FCA20009B500 /* GetSymbolImage.swift */; };
		E3FC71DD271EBE5C00C9D255 /* Utilities.swift in Sources */ = {isa = PBXBuildFile; fileRef = E3FC71DC271EBE5B00C9D255 /* Utilities.swift */; };
/* End PBXBuildFile section */

/* Begin PBXFileReference section */
		E31DE7E928D5DE0C00DE79EF /* IsSilentModeOn.swift */ = {isa = PBXFileReference; lastKnownFileType = sourcecode.swift; path = IsSilentModeOn.swift; sourceTree = "<group>"; };
		E31DE7EB28D5DEF800DE79EF /* TruncateText.swift */ = {isa = PBXFileReference; lastKnownFileType = sourcecode.swift; path = TruncateText.swift; sourceTree = "<group>"; };
		E31DE7ED28D5E14400DE79EF /* RoundNumberToMultiple.swift */ = {isa = PBXFileReference; lastKnownFileType = sourcecode.swift; path = RoundNumberToMultiple.swift; sourceTree = "<group>"; };
		E31DE7F128D5E30C00DE79EF /* IsOnline.swift */ = {isa = PBXFileReference; lastKnownFileType = sourcecode.swift; path = IsOnline.swift; sourceTree = "<group>"; };
		E31DE7F328D5E3B400DE79EF /* GeoURI.swift */ = {isa = PBXFileReference; lastKnownFileType = sourcecode.swift; path = GeoURI.swift; sourceTree = "<group>"; };
		E31DE7F528D5E50400DE79EF /* IsReachable.swift */ = {isa = PBXFileReference; lastKnownFileType = sourcecode.swift; path = IsReachable.swift; sourceTree = "<group>"; };
		E31DE7F728D5E94500DE79EF /* IsWiFiOn.swift */ = {isa = PBXFileReference; lastKnownFileType = sourcecode.swift; path = IsWiFiOn.swift; sourceTree = "<group>"; };
		E31DE80128D619DB00DE79EF /* GetDeviceOrientation.swift */ = {isa = PBXFileReference; lastKnownFileType = sourcecode.swift; path = GetDeviceOrientation.swift; sourceTree = "<group>"; };
		E31DE80528D61E4500DE79EF /* GetQueryItemValueFromURL.swift */ = {isa = PBXFileReference; lastKnownFileType = sourcecode.swift; path = GetQueryItemValueFromURL.swift; sourceTree = "<group>"; };
		E31DE80728D61FE800DE79EF /* GetQueryItemsFromURL.swift */ = {isa = PBXFileReference; lastKnownFileType = sourcecode.swift; path = GetQueryItemsFromURL.swift; sourceTree = "<group>"; };
		E31DE80B28D62ACC00DE79EF /* GetQueryItemsFromURLAsDictionary.swift */ = {isa = PBXFileReference; lastKnownFileType = sourcecode.swift; path = GetQueryItemsFromURLAsDictionary.swift; sourceTree = "<group>"; };
		E31DE80D28D62CE200DE79EF /* FormatNumberCompact.swift */ = {isa = PBXFileReference; lastKnownFileType = sourcecode.swift; path = FormatNumberCompact.swift; sourceTree = "<group>"; };
		E324C9EF271E972200E7CA9B /* App.swift */ = {isa = PBXFileReference; lastKnownFileType = sourcecode.swift; path = App.swift; sourceTree = "<group>"; };
		E324C9F0271E972200E7CA9B /* MainScreen.swift */ = {isa = PBXFileReference; indentWidth = 4; lastKnownFileType = sourcecode.swift; path = MainScreen.swift; sourceTree = "<group>"; tabWidth = 4; };
		E324C9F1271E972300E7CA9B /* Assets.xcassets */ = {isa = PBXFileReference; lastKnownFileType = folder.assetcatalog; path = Assets.xcassets; sourceTree = "<group>"; };
		E324C9F6271E972300E7CA9B /* Actions.app */ = {isa = PBXFileReference; explicitFileType = wrapper.application; includeInIndex = 0; path = Actions.app; sourceTree = BUILT_PRODUCTS_DIR; };
		E324CA24271E996800E7CA9B /* Info.plist */ = {isa = PBXFileReference; lastKnownFileType = text.plist.xml; path = Info.plist; sourceTree = "<group>"; };
		E324CA29271EA67E00E7CA9B /* Config.xcconfig */ = {isa = PBXFileReference; lastKnownFileType = text.xcconfig; path = Config.xcconfig; sourceTree = "<group>"; };
		E337A3DF27E850EC0073E865 /* ChooseFromListScreen.swift */ = {isa = PBXFileReference; lastKnownFileType = sourcecode.swift; path = ChooseFromListScreen.swift; sourceTree = "<group>"; };
		E33D4BA42744238300CC7A8A /* AppState.swift */ = {isa = PBXFileReference; lastKnownFileType = sourcecode.swift; path = AppState.swift; sourceTree = "<group>"; };
		E33DFF662748C6B100C79D78 /* InternetAccessPolicy.json */ = {isa = PBXFileReference; fileEncoding = 4; lastKnownFileType = text.json; path = InternetAccessPolicy.json; sourceTree = "<group>"; };
		E34AB51528F58B500082AE78 /* Authenticate.swift */ = {isa = PBXFileReference; lastKnownFileType = sourcecode.swift; path = Authenticate.swift; sourceTree = "<group>"; };
		E34AB51728F5AA170082AE78 /* ConvertCoordinatesToLocation.swift */ = {isa = PBXFileReference; lastKnownFileType = sourcecode.swift; path = ConvertCoordinatesToLocation.swift; sourceTree = "<group>"; };
		E351082E28FD099B007C85AE /* IsCellularDataOn.swift */ = {isa = PBXFileReference; lastKnownFileType = sourcecode.swift; path = IsCellularDataOn.swift; sourceTree = "<group>"; };
		E351083028FD14A2007C85AE /* HexEncode.swift */ = {isa = PBXFileReference; lastKnownFileType = sourcecode.swift; path = HexEncode.swift; sourceTree = "<group>"; };
		E351083528FD79D8007C85AE /* OverwriteFile.swift */ = {isa = PBXFileReference; lastKnownFileType = sourcecode.swift; path = OverwriteFile.swift; sourceTree = "<group>"; };
		E352420528F6CAAD00A957A7 /* ReverseLines.swift */ = {isa = PBXFileReference; lastKnownFileType = sourcecode.swift; path = ReverseLines.swift; sourceTree = "<group>"; };
		E352420928F6EEDE00A957A7 /* AskForText.swift */ = {isa = PBXFileReference; lastKnownFileType = sourcecode.swift; name = AskForText.swift; path = Shared/Actions/AskForText.swift; sourceTree = SOURCE_ROOT; };
		E352420B28F6F6AD00A957A7 /* AskForTextScreen.swift */ = {isa = PBXFileReference; lastKnownFileType = sourcecode.swift; path = AskForTextScreen.swift; sourceTree = "<group>"; };
		E39F4776272D516E00B99CB0 /* Actions.entitlements */ = {isa = PBXFileReference; lastKnownFileType = text.plist.entitlements; path = Actions.entitlements; sourceTree = "<group>"; };
		E3A85FE428E94E7300F423F1 /* FormatPersonName.swift */ = {isa = PBXFileReference; lastKnownFileType = sourcecode.swift; path = FormatPersonName.swift; sourceTree = "<group>"; };
		E3B1C3C328F5D68D009BE0B7 /* GetIndexOfListItem.swift */ = {isa = PBXFileReference; lastKnownFileType = sourcecode.swift; path = GetIndexOfListItem.swift; sourceTree = "<group>"; };
		E3BFF7B02742616400B830DE /* WriteTextScreen.swift */ = {isa = PBXFileReference; lastKnownFileType = sourcecode.swift; path = WriteTextScreen.swift; sourceTree = "<group>"; };
		E3BFF7B327428F5200B830DE /* WelcomeScreen.swift */ = {isa = PBXFileReference; lastKnownFileType = sourcecode.swift; path = WelcomeScreen.swift; sourceTree = "<group>"; };
		E3BFF7B62742A79100B830DE /* AppIcon.swift */ = {isa = PBXFileReference; lastKnownFileType = sourcecode.swift; path = AppIcon.swift; sourceTree = "<group>"; };
		E3C33C9128D3569F00386C59 /* ApplyCaptureDate.swift */ = {isa = PBXFileReference; lastKnownFileType = sourcecode.swift; path = ApplyCaptureDate.swift; sourceTree = "<group>"; };
		E3C33C9328D35B9C00386C59 /* SetFileCreationModificationDate.swift */ = {isa = PBXFileReference; lastKnownFileType = sourcecode.swift; path = SetFileCreationModificationDate.swift; sourceTree = "<group>"; };
		E3C33C9728D35D7400386C59 /* CombineLists.swift */ = {isa = PBXFileReference; lastKnownFileType = sourcecode.swift; path = CombineLists.swift; sourceTree = "<group>"; };
		E3C33C9928D35F3D00386C59 /* GetMusicPlaylists.swift */ = {isa = PBXFileReference; lastKnownFileType = sourcecode.swift; path = GetMusicPlaylists.swift; sourceTree = "<group>"; };
		E3C33C9B28D376C400386C59 /* FilterList.swift */ = {isa = PBXFileReference; lastKnownFileType = sourcecode.swift; path = FilterList.swift; sourceTree = "<group>"; };
		E3C33C9F28D37C7E00386C59 /* TruncateList.swift */ = {isa = PBXFileReference; lastKnownFileType = sourcecode.swift; path = TruncateList.swift; sourceTree = "<group>"; };
		E3C33CA128D37E2B00386C59 /* GetEmojis.swift */ = {isa = PBXFileReference; lastKnownFileType = sourcecode.swift; path = GetEmojis.swift; sourceTree = "<group>"; };
		E3C33CA328D38AF600386C59 /* SendFeedback.swift */ = {isa = PBXFileReference; lastKnownFileType = sourcecode.swift; path = SendFeedback.swift; sourceTree = "<group>"; };
		E3C33CA528D3A52300386C59 /* IsAudioPlaying.swift */ = {isa = PBXFileReference; lastKnownFileType = sourcecode.swift; path = IsAudioPlaying.swift; sourceTree = "<group>"; };
		E3C33CA728D3A6CB00386C59 /* IsBluetoothOn.swift */ = {isa = PBXFileReference; lastKnownFileType = sourcecode.swift; path = IsBluetoothOn.swift; sourceTree = "<group>"; };
		E3C33CA928D3A81700386C59 /* IsDarkMode.swift */ = {isa = PBXFileReference; lastKnownFileType = sourcecode.swift; path = IsDarkMode.swift; sourceTree = "<group>"; };
		E3C33CAB28D3A96700386C59 /* GetUserDetails.swift */ = {isa = PBXFileReference; lastKnownFileType = sourcecode.swift; path = GetUserDetails.swift; sourceTree = "<group>"; };
		E3C33CAF28D3B3EF00386C59 /* IsConnectedToVPN.swift */ = {isa = PBXFileReference; lastKnownFileType = sourcecode.swift; path = IsConnectedToVPN.swift; sourceTree = "<group>"; };
		E3C33CB128D43C7500386C59 /* GetTitleOfURL.swift */ = {isa = PBXFileReference; lastKnownFileType = sourcecode.swift; path = GetTitleOfURL.swift; sourceTree = "<group>"; };
		E3C33CB328D43DDA00386C59 /* GetBatteryState.swift */ = {isa = PBXFileReference; lastKnownFileType = sourcecode.swift; path = GetBatteryState.swift; sourceTree = "<group>"; };
		E3C33CB728D43FCF00386C59 /* IsLowPowerMode.swift */ = {isa = PBXFileReference; lastKnownFileType = sourcecode.swift; path = IsLowPowerMode.swift; sourceTree = "<group>"; };
		E3C33CB928D4406500386C59 /* RemoveNonPrintableCharacters.swift */ = {isa = PBXFileReference; lastKnownFileType = sourcecode.swift; path = RemoveNonPrintableCharacters.swift; sourceTree = "<group>"; };
		E3C33CBB28D4413E00386C59 /* FormatCurrency.swift */ = {isa = PBXFileReference; lastKnownFileType = sourcecode.swift; path = FormatCurrency.swift; sourceTree = "<group>"; };
		E3C33CDA28D48C3200386C59 /* GetRunningApps.swift */ = {isa = PBXFileReference; lastKnownFileType = sourcecode.swift; path = GetRunningApps.swift; sourceTree = "<group>"; };
		E3C33CDE28D4914C00386C59 /* GetAudioPlaybackDestination.swift */ = {isa = PBXFileReference; lastKnownFileType = sourcecode.swift; path = GetAudioPlaybackDestination.swift; sourceTree = "<group>"; };
		E3CB448628D717CA0031D55F /* IsDeviceOrientation.swift */ = {isa = PBXFileReference; lastKnownFileType = sourcecode.swift; path = IsDeviceOrientation.swift; sourceTree = "<group>"; };
		E3CB448A28D71A180031D55F /* IsScreenLocked.swift */ = {isa = PBXFileReference; lastKnownFileType = sourcecode.swift; path = IsScreenLocked.swift; sourceTree = "<group>"; };
		E3CB448C28D77A440031D55F /* TransformLists.swift */ = {isa = PBXFileReference; lastKnownFileType = sourcecode.swift; path = TransformLists.swift; sourceTree = "<group>"; };
		E3CB448F28D77E840031D55F /* PrettyPrintDictionaries.swift */ = {isa = PBXFileReference; lastKnownFileType = sourcecode.swift; path = PrettyPrintDictionaries.swift; sourceTree = "<group>"; };
		E3CB449128D7803C0031D55F /* ParseJSON5.swift */ = {isa = PBXFileReference; lastKnownFileType = sourcecode.swift; path = ParseJSON5.swift; sourceTree = "<group>"; };
		E3CB449328D782FE0031D55F /* GetRelatedWords.swift */ = {isa = PBXFileReference; lastKnownFileType = sourcecode.swift; path = GetRelatedWords.swift; sourceTree = "<group>"; };
		E3CB449728D78CBE0031D55F /* ParseCSV.swift */ = {isa = PBXFileReference; lastKnownFileType = sourcecode.swift; path = ParseCSV.swift; sourceTree = "<group>"; };
		E3CB449B28D78F4C0031D55F /* GetFileIcon.swift */ = {isa = PBXFileReference; lastKnownFileType = sourcecode.swift; path = GetFileIcon.swift; sourceTree = "<group>"; };
		E3CB449D28D791D40031D55F /* GenerateCSV.swift */ = {isa = PBXFileReference; lastKnownFileType = sourcecode.swift; path = GenerateCSV.swift; sourceTree = "<group>"; };
		E3CB44A128D794DA0031D55F /* MergeDictionaries.swift */ = {isa = PBXFileReference; lastKnownFileType = sourcecode.swift; path = MergeDictionaries.swift; sourceTree = "<group>"; };
		E3CB44A328D7972B0031D55F /* GetUnsplashImage.swift */ = {isa = PBXFileReference; lastKnownFileType = sourcecode.swift; path = GetUnsplashImage.swift; sourceTree = "<group>"; };
		E3CB44A728D79EF90031D55F /* ScanQRCodesInImage.swift */ = {isa = PBXFileReference; lastKnownFileType = sourcecode.swift; path = ScanQRCodesInImage.swift; sourceTree = "<group>"; };
		E3CB44A928D7A10C0031D55F /* TranscribeAudio.swift */ = {isa = PBXFileReference; lastKnownFileType = sourcecode.swift; path = TranscribeAudio.swift; sourceTree = "<group>"; };
		E3CB44AD28D7A6BA0031D55F /* SpellOutNumber.swift */ = {isa = PBXFileReference; lastKnownFileType = sourcecode.swift; path = SpellOutNumber.swift; sourceTree = "<group>"; };
		E3CF4F9728FDA7EB00BD88D5 /* GenerateRandomData.swift */ = {isa = PBXFileReference; lastKnownFileType = sourcecode.swift; path = GenerateRandomData.swift; sourceTree = "<group>"; };
		E3D514C528EEA6B9003F7C2E /* PlayAlertSound.swift */ = {isa = PBXFileReference; lastKnownFileType = sourcecode.swift; path = PlayAlertSound.swift; sourceTree = "<group>"; };
		E3D514C728EEA8F8003F7C2E /* FlashScreen.swift */ = {isa = PBXFileReference; lastKnownFileType = sourcecode.swift; path = FlashScreen.swift; sourceTree = "<group>"; };
		E3D514C928EEAAEC003F7C2E /* CalculateWithSoulver.swift */ = {isa = PBXFileReference; lastKnownFileType = sourcecode.swift; path = CalculateWithSoulver.swift; sourceTree = "<group>"; };
		E3DB884B28E6E3AD00FEE8D6 /* HapticFeedback.swift */ = {isa = PBXFileReference; lastKnownFileType = sourcecode.swift; path = HapticFeedback.swift; sourceTree = "<group>"; };
		E3DB884F28E6EE7B00FEE8D6 /* HideShortcutsApp.swift */ = {isa = PBXFileReference; lastKnownFileType = sourcecode.swift; path = HideShortcutsApp.swift; sourceTree = "<group>"; };
		E3DB885128E6EFBB00FEE8D6 /* ScanDocuments.swift */ = {isa = PBXFileReference; lastKnownFileType = sourcecode.swift; path = ScanDocuments.swift; sourceTree = "<group>"; };
		E3DB885328E7057100FEE8D6 /* WriteText.swift */ = {isa = PBXFileReference; lastKnownFileType = sourcecode.swift; path = WriteText.swift; sourceTree = "<group>"; };
		E3DB885528E727E200FEE8D6 /* ChooseFromListExtended.swift */ = {isa = PBXFileReference; lastKnownFileType = sourcecode.swift; path = ChooseFromListExtended.swift; sourceTree = "<group>"; };
		E3DB886B28E7549800FEE8D6 /* Constants.swift */ = {isa = PBXFileReference; lastKnownFileType = sourcecode.swift; path = Constants.swift; sourceTree = "<group>"; };
		E3EA7D7A28EAC2210043F782 /* BlurImages.swift */ = {isa = PBXFileReference; lastKnownFileType = sourcecode.swift; path = BlurImages.swift; sourceTree = "<group>"; };
		E3EC2DAA28D1E33B00A88E25 /* TransformText.swift */ = {isa = PBXFileReference; lastKnownFileType = sourcecode.swift; path = TransformText.swift; sourceTree = "<group>"; };
		E3EC2DAF28D1EA6B00A88E25 /* GenerateUUID.swift */ = {isa = PBXFileReference; lastKnownFileType = sourcecode.swift; path = GenerateUUID.swift; sourceTree = "<group>"; };
		E3EC2DB128D1F23D00A88E25 /* GetRandomEmoticon.swift */ = {isa = PBXFileReference; lastKnownFileType = sourcecode.swift; path = GetRandomEmoticon.swift; sourceTree = "<group>"; };
		E3EC2DB328D1F3A300A88E25 /* GetRandomBoolean.swift */ = {isa = PBXFileReference; lastKnownFileType = sourcecode.swift; path = GetRandomBoolean.swift; sourceTree = "<group>"; };
		E3EC2DB528D1F51F00A88E25 /* RemoveEmojis.swift */ = {isa = PBXFileReference; lastKnownFileType = sourcecode.swift; path = RemoveEmojis.swift; sourceTree = "<group>"; };
		E3EC2DB728D1F76100A88E25 /* TrimWhitespace.swift */ = {isa = PBXFileReference; lastKnownFileType = sourcecode.swift; path = TrimWhitespace.swift; sourceTree = "<group>"; };
		E3EC2DB928D1F8B500A88E25 /* GetRandomInstant.swift */ = {isa = PBXFileReference; lastKnownFileType = sourcecode.swift; path = GetRandomInstant.swift; sourceTree = "<group>"; };
		E3EC2DBB28D2008000A88E25 /* GetRandomFloatingPointNumber.swift */ = {isa = PBXFileReference; lastKnownFileType = sourcecode.swift; path = GetRandomFloatingPointNumber.swift; sourceTree = "<group>"; };
		E3EC2DBD28D2045300A88E25 /* SortList.swift */ = {isa = PBXFileReference; lastKnownFileType = sourcecode.swift; path = SortList.swift; sourceTree = "<group>"; };
		E3EC2DC128D20D0400A88E25 /* ShuffleList.swift */ = {isa = PBXFileReference; lastKnownFileType = sourcecode.swift; path = ShuffleList.swift; sourceTree = "<group>"; };
		E3EC2DC328D215A100A88E25 /* RemoveDuplicatesFromList.swift */ = {isa = PBXFileReference; lastKnownFileType = sourcecode.swift; path = RemoveDuplicatesFromList.swift; sourceTree = "<group>"; };
		E3EC2DC528D2181F00A88E25 /* ReverseList.swift */ = {isa = PBXFileReference; lastKnownFileType = sourcecode.swift; path = ReverseList.swift; sourceTree = "<group>"; };
		E3EC2DC728D2197400A88E25 /* ClampNumber.swift */ = {isa = PBXFileReference; lastKnownFileType = sourcecode.swift; path = ClampNumber.swift; sourceTree = "<group>"; };
		E3EC2DC928D22B6F00A88E25 /* RemoveEmptyLines.swift */ = {isa = PBXFileReference; lastKnownFileType = sourcecode.swift; path = RemoveEmptyLines.swift; sourceTree = "<group>"; };
		E3EC2DCB28D22CDC00A88E25 /* TransformTextWithJavaScript.swift */ = {isa = PBXFileReference; lastKnownFileType = sourcecode.swift; path = TransformTextWithJavaScript.swift; sourceTree = "<group>"; };
		E3EC2DCD28D238AB00A88E25 /* GetRandomColor.swift */ = {isa = PBXFileReference; lastKnownFileType = sourcecode.swift; path = GetRandomColor.swift; sourceTree = "<group>"; };
		E3EC2DD128D240AE00A88E25 /* SampleColor.swift */ = {isa = PBXFileReference; lastKnownFileType = sourcecode.swift; path = SampleColor.swift; sourceTree = "<group>"; };
		E3EC2DD528D2430100A88E25 /* GetUniformTypeIdentifier.swift */ = {isa = PBXFileReference; lastKnownFileType = sourcecode.swift; path = GetUniformTypeIdentifier.swift; sourceTree = "<group>"; };
		E3EC2DD728D244B200A88E25 /* FormatDateDifference.swift */ = {isa = PBXFileReference; lastKnownFileType = sourcecode.swift; path = FormatDateDifference.swift; sourceTree = "<group>"; };
		E3EC2DD928D246BC00A88E25 /* GetFilePath.swift */ = {isa = PBXFileReference; lastKnownFileType = sourcecode.swift; path = GetFilePath.swift; sourceTree = "<group>"; };
		E3EC2DDD28D24CD900A88E25 /* ConvertDateToUnixTime.swift */ = {isa = PBXFileReference; lastKnownFileType = sourcecode.swift; path = ConvertDateToUnixTime.swift; sourceTree = "<group>"; };
		E3EC2DDF28D253D600A88E25 /* ConvertUnixTimeToDate.swift */ = {isa = PBXFileReference; lastKnownFileType = sourcecode.swift; path = ConvertUnixTimeToDate.swift; sourceTree = "<group>"; };
		E3EC2DE128D2588800A88E25 /* CreateURL.swift */ = {isa = PBXFileReference; lastKnownFileType = sourcecode.swift; path = CreateURL.swift; sourceTree = "<group>"; };
		E3EC2DE328D25CF300A88E25 /* RemoveDuplicateLines.swift */ = {isa = PBXFileReference; lastKnownFileType = sourcecode.swift; path = RemoveDuplicateLines.swift; sourceTree = "<group>"; };
		E3EC2DE528D25DF900A88E25 /* AddToList.swift */ = {isa = PBXFileReference; lastKnownFileType = sourcecode.swift; path = AddToList.swift; sourceTree = "<group>"; };
		E3EC2DE728D2DB1000A88E25 /* GenerateRandomText.swift */ = {isa = PBXFileReference; lastKnownFileType = sourcecode.swift; path = GenerateRandomText.swift; sourceTree = "<group>"; };
		E3EC2DE928D2E5B900A88E25 /* RemoveFromList.swift */ = {isa = PBXFileReference; lastKnownFileType = sourcecode.swift; path = RemoveFromList.swift; sourceTree = "<group>"; };
		E3F64D6B28D9EDFE0009B500 /* FormatDuration.swift */ = {isa = PBXFileReference; lastKnownFileType = sourcecode.swift; path = FormatDuration.swift; sourceTree = "<group>"; };
		E3F64D7128D9F3810009B500 /* EditURL.swift */ = {isa = PBXFileReference; lastKnownFileType = sourcecode.swift; path = EditURL.swift; sourceTree = "<group>"; };
		E3F64D7528D9F9930009B500 /* CreateColorImage.swift */ = {isa = PBXFileReference; lastKnownFileType = sourcecode.swift; path = CreateColorImage.swift; sourceTree = "<group>"; };
		E3F64D7728D9FCA20009B500 /* GetSymbolImage.swift */ = {isa = PBXFileReference; lastKnownFileType = sourcecode.swift; path = GetSymbolImage.swift; sourceTree = "<group>"; };
		E3FC71DC271EBE5B00C9D255 /* Utilities.swift */ = {isa = PBXFileReference; lastKnownFileType = sourcecode.swift; path = Utilities.swift; sourceTree = "<group>"; };
/* End PBXFileReference section */

/* Begin PBXFrameworksBuildPhase section */
		E324C9F3271E972300E7CA9B /* Frameworks */ = {
			isa = PBXFrameworksBuildPhase;
			buildActionMask = 2147483647;
			files = (
				E396D58A2910EC91002A1043 /* SoulverCore in Frameworks */,
				E337A3E627E8BA6B0073E865 /* FuzzyFind in Frameworks */,
				E3F64D7028D9EFE80009B500 /* ExceptionCatcher in Frameworks */,
				E351083928FD8089007C85AE /* Sentry in Frameworks */,
			);
			runOnlyForDeploymentPostprocessing = 0;
		};
/* End PBXFrameworksBuildPhase section */

/* Begin PBXGroup section */
		E30FD0D527908D1A00C01D80 /* Actions */ = {
			isa = PBXGroup;
			children = (
				E352420928F6EEDE00A957A7 /* AskForText.swift */,
				E34AB51528F58B500082AE78 /* Authenticate.swift */,
				E3EA7D7A28EAC2210043F782 /* BlurImages.swift */,
				E3DB885528E727E200FEE8D6 /* ChooseFromListExtended.swift */,
				E3F64D7528D9F9930009B500 /* CreateColorImage.swift */,
				E3CB449D28D791D40031D55F /* GenerateCSV.swift */,
				E3CF4F9728FDA7EB00BD88D5 /* GenerateRandomData.swift */,
				E3C33CDA28D48C3200386C59 /* GetRunningApps.swift */,
				E3F64D7728D9FCA20009B500 /* GetSymbolImage.swift */,
				E3DB884B28E6E3AD00FEE8D6 /* HapticFeedback.swift */,
				E351083028FD14A2007C85AE /* HexEncode.swift */,
				E3DB884F28E6EE7B00FEE8D6 /* HideShortcutsApp.swift */,
				E3CB448A28D71A180031D55F /* IsScreenLocked.swift */,
				E351083528FD79D8007C85AE /* OverwriteFile.swift */,
				E3CB449728D78CBE0031D55F /* ParseCSV.swift */,
				E3CB449128D7803C0031D55F /* ParseJSON5.swift */,
				E3DB885128E6EFBB00FEE8D6 /* ScanDocuments.swift */,
				E3CB44A728D79EF90031D55F /* ScanQRCodesInImage.swift */,
				E3CB44A928D7A10C0031D55F /* TranscribeAudio.swift */,
				E3DB885328E7057100FEE8D6 /* WriteText.swift */,
			);
			path = Actions;
			sourceTree = "<group>";
		};
		E324C9E9271E972100E7CA9B = {
			isa = PBXGroup;
			children = (
				E324CA29271EA67E00E7CA9B /* Config.xcconfig */,
				E324C9EE271E972200E7CA9B /* Shared */,
				E324C9F7271E972300E7CA9B /* Products */,
			);
			sourceTree = "<group>";
		};
		E324C9EE271E972200E7CA9B /* Shared */ = {
			isa = PBXGroup;
			children = (
				E324C9EF271E972200E7CA9B /* App.swift */,
				E33D4BA42744238300CC7A8A /* AppState.swift */,
				E3DB886B28E7549800FEE8D6 /* Constants.swift */,
				E324C9F0271E972200E7CA9B /* MainScreen.swift */,
				E3BFF7B327428F5200B830DE /* WelcomeScreen.swift */,
				E3BFF7B62742A79100B830DE /* AppIcon.swift */,
				E3BFF7B02742616400B830DE /* WriteTextScreen.swift */,
				E337A3DF27E850EC0073E865 /* ChooseFromListScreen.swift */,
				E352420B28F6F6AD00A957A7 /* AskForTextScreen.swift */,
				E3FC71DC271EBE5B00C9D255 /* Utilities.swift */,
				E30FD0D527908D1A00C01D80 /* Actions */,
				E38715862725A333003155B0 /* Actions2 */,
				E324C9F1271E972300E7CA9B /* Assets.xcassets */,
				E324CA24271E996800E7CA9B /* Info.plist */,
				E39F4776272D516E00B99CB0 /* Actions.entitlements */,
				E33DFF662748C6B100C79D78 /* InternetAccessPolicy.json */,
			);
			path = Shared;
			sourceTree = "<group>";
		};
		E324C9F7271E972300E7CA9B /* Products */ = {
			isa = PBXGroup;
			children = (
				E324C9F6271E972300E7CA9B /* Actions.app */,
			);
			name = Products;
			sourceTree = "<group>";
		};
		E38715862725A333003155B0 /* Actions2 */ = {
			isa = PBXGroup;
			children = (
				E3EC2DE528D25DF900A88E25 /* AddToList.swift */,
				E3C33C9128D3569F00386C59 /* ApplyCaptureDate.swift */,
				E3D514C928EEAAEC003F7C2E /* CalculateWithSoulver.swift */,
				E3EC2DC728D2197400A88E25 /* ClampNumber.swift */,
				E3C33C9728D35D7400386C59 /* CombineLists.swift */,
				E34AB51728F5AA170082AE78 /* ConvertCoordinatesToLocation.swift */,
				E3EC2DDD28D24CD900A88E25 /* ConvertDateToUnixTime.swift */,
				E3EC2DDF28D253D600A88E25 /* ConvertUnixTimeToDate.swift */,
				E3EC2DE128D2588800A88E25 /* CreateURL.swift */,
				E3F64D7128D9F3810009B500 /* EditURL.swift */,
				E3C33C9B28D376C400386C59 /* FilterList.swift */,
				E3D514C728EEA8F8003F7C2E /* FlashScreen.swift */,
				E3C33CBB28D4413E00386C59 /* FormatCurrency.swift */,
				E3EC2DD728D244B200A88E25 /* FormatDateDifference.swift */,
				E3F64D6B28D9EDFE0009B500 /* FormatDuration.swift */,
				E31DE80D28D62CE200DE79EF /* FormatNumberCompact.swift */,
				E3A85FE428E94E7300F423F1 /* FormatPersonName.swift */,
				E3EC2DE728D2DB1000A88E25 /* GenerateRandomText.swift */,
				E3EC2DAF28D1EA6B00A88E25 /* GenerateUUID.swift */,
				E31DE7F328D5E3B400DE79EF /* GeoURI.swift */,
				E3C33CDE28D4914C00386C59 /* GetAudioPlaybackDestination.swift */,
				E3C33CB328D43DDA00386C59 /* GetBatteryState.swift */,
				E31DE80128D619DB00DE79EF /* GetDeviceOrientation.swift */,
				E3C33CA128D37E2B00386C59 /* GetEmojis.swift */,
				E3CB449B28D78F4C0031D55F /* GetFileIcon.swift */,
				E3EC2DD928D246BC00A88E25 /* GetFilePath.swift */,
				E3B1C3C328F5D68D009BE0B7 /* GetIndexOfListItem.swift */,
				E3C33C9928D35F3D00386C59 /* GetMusicPlaylists.swift */,
				E31DE80728D61FE800DE79EF /* GetQueryItemsFromURL.swift */,
				E31DE80B28D62ACC00DE79EF /* GetQueryItemsFromURLAsDictionary.swift */,
				E31DE80528D61E4500DE79EF /* GetQueryItemValueFromURL.swift */,
				E3EC2DB328D1F3A300A88E25 /* GetRandomBoolean.swift */,
				E3EC2DCD28D238AB00A88E25 /* GetRandomColor.swift */,
				E3EC2DB128D1F23D00A88E25 /* GetRandomEmoticon.swift */,
				E3EC2DBB28D2008000A88E25 /* GetRandomFloatingPointNumber.swift */,
				E3EC2DB928D1F8B500A88E25 /* GetRandomInstant.swift */,
				E3CB449328D782FE0031D55F /* GetRelatedWords.swift */,
				E3C33CB128D43C7500386C59 /* GetTitleOfURL.swift */,
				E3EC2DD528D2430100A88E25 /* GetUniformTypeIdentifier.swift */,
				E3CB44A328D7972B0031D55F /* GetUnsplashImage.swift */,
				E3C33CAB28D3A96700386C59 /* GetUserDetails.swift */,
				E3C33CA528D3A52300386C59 /* IsAudioPlaying.swift */,
				E3C33CA728D3A6CB00386C59 /* IsBluetoothOn.swift */,
				E351082E28FD099B007C85AE /* IsCellularDataOn.swift */,
				E3C33CAF28D3B3EF00386C59 /* IsConnectedToVPN.swift */,
				E3C33CA928D3A81700386C59 /* IsDarkMode.swift */,
				E3CB448628D717CA0031D55F /* IsDeviceOrientation.swift */,
				E3C33CB728D43FCF00386C59 /* IsLowPowerMode.swift */,
				E31DE7F128D5E30C00DE79EF /* IsOnline.swift */,
				E31DE7F528D5E50400DE79EF /* IsReachable.swift */,
				E31DE7E928D5DE0C00DE79EF /* IsSilentModeOn.swift */,
				E31DE7F728D5E94500DE79EF /* IsWiFiOn.swift */,
				E3CB44A128D794DA0031D55F /* MergeDictionaries.swift */,
				E3D514C528EEA6B9003F7C2E /* PlayAlertSound.swift */,
				E3CB448F28D77E840031D55F /* PrettyPrintDictionaries.swift */,
				E3EC2DE328D25CF300A88E25 /* RemoveDuplicateLines.swift */,
				E3EC2DC328D215A100A88E25 /* RemoveDuplicatesFromList.swift */,
				E3EC2DB528D1F51F00A88E25 /* RemoveEmojis.swift */,
				E3EC2DC928D22B6F00A88E25 /* RemoveEmptyLines.swift */,
				E3EC2DE928D2E5B900A88E25 /* RemoveFromList.swift */,
				E3C33CB928D4406500386C59 /* RemoveNonPrintableCharacters.swift */,
				E352420528F6CAAD00A957A7 /* ReverseLines.swift */,
				E3EC2DC528D2181F00A88E25 /* ReverseList.swift */,
				E31DE7ED28D5E14400DE79EF /* RoundNumberToMultiple.swift */,
				E3EC2DD128D240AE00A88E25 /* SampleColor.swift */,
				E3C33CA328D38AF600386C59 /* SendFeedback.swift */,
				E3C33C9328D35B9C00386C59 /* SetFileCreationModificationDate.swift */,
				E3EC2DC128D20D0400A88E25 /* ShuffleList.swift */,
				E3EC2DBD28D2045300A88E25 /* SortList.swift */,
				E3CB44AD28D7A6BA0031D55F /* SpellOutNumber.swift */,
				E3CB448C28D77A440031D55F /* TransformLists.swift */,
				E3EC2DAA28D1E33B00A88E25 /* TransformText.swift */,
				E3EC2DCB28D22CDC00A88E25 /* TransformTextWithJavaScript.swift */,
				E3EC2DB728D1F76100A88E25 /* TrimWhitespace.swift */,
				E3C33C9F28D37C7E00386C59 /* TruncateList.swift */,
				E31DE7EB28D5DEF800DE79EF /* TruncateText.swift */,
			);
			path = Actions2;
			sourceTree = "<group>";
		};
/* End PBXGroup section */

/* Begin PBXNativeTarget section */
		E324C9F5271E972300E7CA9B /* Actions */ = {
			isa = PBXNativeTarget;
			buildConfigurationList = E324CA07271E972300E7CA9B /* Build configuration list for PBXNativeTarget "Actions" */;
			buildPhases = (
				E3D61B702903F8D200F289DA /* SwiftLint */,
				E324C9F2271E972300E7CA9B /* Sources */,
				E324C9F3271E972300E7CA9B /* Frameworks */,
				E324C9F4271E972300E7CA9B /* Resources */,
			);
			buildRules = (
			);
			dependencies = (
			);
			name = Actions;
			packageProductDependencies = (
				E337A3E527E8BA6B0073E865 /* FuzzyFind */,
				E3F64D6F28D9EFE80009B500 /* ExceptionCatcher */,
				E351083828FD8089007C85AE /* Sentry */,
				E396D5892910EC91002A1043 /* SoulverCore */,
			);
			productName = "Actions (iOS)";
			productReference = E324C9F6271E972300E7CA9B /* Actions.app */;
			productType = "com.apple.product-type.application";
		};
/* End PBXNativeTarget section */

/* Begin PBXProject section */
		E324C9EA271E972100E7CA9B /* Project object */ = {
			isa = PBXProject;
			attributes = {
				BuildIndependentTargetsInParallel = 1;
				LastSwiftUpdateCheck = 1310;
				LastUpgradeCheck = 1400;
				TargetAttributes = {
					E324C9F5271E972300E7CA9B = {
						CreatedOnToolsVersion = 13.1;
					};
				};
			};
			buildConfigurationList = E324C9ED271E972100E7CA9B /* Build configuration list for PBXProject "Actions" */;
			compatibilityVersion = "Xcode 14.0";
			developmentRegion = en;
			hasScannedForEncodings = 0;
			knownRegions = (
				en,
				Base,
			);
			mainGroup = E324C9E9271E972100E7CA9B;
			packageReferences = (
				E3327E95272C68DE00AD5CC7 /* XCRemoteSwiftPackageReference "sentry-cocoa" */,
				E337A3E227E8B66D0073E865 /* XCRemoteSwiftPackageReference "FuzzyFind" */,
				E32B4F3227FD77700057F08D /* XCRemoteSwiftPackageReference "ExceptionCatcher" */,
				E396D5882910EC91002A1043 /* XCRemoteSwiftPackageReference "SoulverCore" */,
			);
			productRefGroup = E324C9F7271E972300E7CA9B /* Products */;
			projectDirPath = "";
			projectRoot = "";
			targets = (
				E324C9F5271E972300E7CA9B /* Actions */,
			);
		};
/* End PBXProject section */

/* Begin PBXResourcesBuildPhase section */
		E324C9F4271E972300E7CA9B /* Resources */ = {
			isa = PBXResourcesBuildPhase;
			buildActionMask = 2147483647;
			files = (
				E324CA03271E972300E7CA9B /* Assets.xcassets in Resources */,
			);
			runOnlyForDeploymentPostprocessing = 0;
		};
/* End PBXResourcesBuildPhase section */

/* Begin PBXShellScriptBuildPhase section */
		E3D61B702903F8D200F289DA /* SwiftLint */ = {
			isa = PBXShellScriptBuildPhase;
			alwaysOutOfDate = 1;
			buildActionMask = 2147483647;
			files = (
			);
			inputFileListPaths = (
			);
			inputPaths = (
			);
			name = SwiftLint;
			outputFileListPaths = (
			);
			outputPaths = (
			);
			runOnlyForDeploymentPostprocessing = 0;
			shellPath = /bin/sh;
			shellScript = "swiftlint\n";
			showEnvVarsInLog = 0;
		};
/* End PBXShellScriptBuildPhase section */

/* Begin PBXSourcesBuildPhase section */
		E324C9F2271E972300E7CA9B /* Sources */ = {
			isa = PBXSourcesBuildPhase;
			buildActionMask = 2147483647;
			files = (
				E3CB44A228D794DA0031D55F /* MergeDictionaries.swift in Sources */,
				E3EA7D7B28EAC2210043F782 /* BlurImages.swift in Sources */,
				E3C33CB528D43DDA00386C59 /* GetBatteryState.swift in Sources */,
				E3CB449528D782FE0031D55F /* GetRelatedWords.swift in Sources */,
				E3C33C9D28D376C400386C59 /* FilterList.swift in Sources */,
				E3C33CDC28D48C3200386C59 /* GetRunningApps.swift in Sources */,
				E3BFF7B527428F5200B830DE /* WelcomeScreen.swift in Sources */,
				E3C33CBA28D4406500386C59 /* RemoveNonPrintableCharacters.swift in Sources */,
				E31DE80E28D62CE200DE79EF /* FormatNumberCompact.swift in Sources */,
				E3C33CAD28D3A96700386C59 /* GetUserDetails.swift in Sources */,
				E3EC2DEB28D2E5B900A88E25 /* RemoveFromList.swift in Sources */,
				E3EC2DE428D25CF300A88E25 /* RemoveDuplicateLines.swift in Sources */,
				E31DE80628D61E4500DE79EF /* GetQueryItemValueFromURL.swift in Sources */,
				E3EC2DDB28D246BC00A88E25 /* GetFilePath.swift in Sources */,
				E3F64D7328D9F3810009B500 /* EditURL.swift in Sources */,
				E3F64D7628D9F9930009B500 /* CreateColorImage.swift in Sources */,
				E3C33CB828D43FCF00386C59 /* IsLowPowerMode.swift in Sources */,
				E3CB449228D7803C0031D55F /* ParseJSON5.swift in Sources */,
				E3C33CA628D3A52300386C59 /* IsAudioPlaying.swift in Sources */,
				E3EC2DC428D215A100A88E25 /* RemoveDuplicatesFromList.swift in Sources */,
				E352420628F6CAAD00A957A7 /* ReverseLines.swift in Sources */,
				E3C33C9828D35D7400386C59 /* CombineLists.swift in Sources */,
				E3CB449F28D791D40031D55F /* GenerateCSV.swift in Sources */,
				E3C33CB028D3B3EF00386C59 /* IsConnectedToVPN.swift in Sources */,
				E3CB449C28D78F4C0031D55F /* GetFileIcon.swift in Sources */,
				E3EC2DBC28D2008000A88E25 /* GetRandomFloatingPointNumber.swift in Sources */,
				E34AB51628F58B500082AE78 /* Authenticate.swift in Sources */,
				E3C33CA228D37E2B00386C59 /* GetEmojis.swift in Sources */,
				E3EC2DCF28D238AB00A88E25 /* GetRandomColor.swift in Sources */,
				E31DE80328D619DB00DE79EF /* GetDeviceOrientation.swift in Sources */,
				E31DE7EA28D5DE0C00DE79EF /* IsSilentModeOn.swift in Sources */,
				E3CB449928D78CBE0031D55F /* ParseCSV.swift in Sources */,
				E31DE80C28D62ACC00DE79EF /* GetQueryItemsFromURLAsDictionary.swift in Sources */,
				E3C33CB228D43C7500386C59 /* GetTitleOfURL.swift in Sources */,
				E351083628FD79D8007C85AE /* OverwriteFile.swift in Sources */,
				E31DE7F828D5E94500DE79EF /* IsWiFiOn.swift in Sources */,
				E3C33C9228D356A200386C59 /* ApplyCaptureDate.swift in Sources */,
				E3CB448E28D77A470031D55F /* TransformLists.swift in Sources */,
				E31DE7F428D5E3B400DE79EF /* GeoURI.swift in Sources */,
				E31DE7EF28D5E14400DE79EF /* RoundNumberToMultiple.swift in Sources */,
				E3EC2DCA28D22B6F00A88E25 /* RemoveEmptyLines.swift in Sources */,
				E352420C28F6F6AD00A957A7 /* AskForTextScreen.swift in Sources */,
				E337A3E127E850EC0073E865 /* ChooseFromListScreen.swift in Sources */,
				E3EC2DBF28D2045300A88E25 /* SortList.swift in Sources */,
				E3EC2DB828D1F76100A88E25 /* TrimWhitespace.swift in Sources */,
				E3C33CAA28D3A81700386C59 /* IsDarkMode.swift in Sources */,
				E351083128FD14A2007C85AE /* HexEncode.swift in Sources */,
				E3A85FE528E94E7300F423F1 /* FormatPersonName.swift in Sources */,
				E3EC2DCC28D22CDC00A88E25 /* TransformTextWithJavaScript.swift in Sources */,
				E3EC2DC628D2181F00A88E25 /* ReverseList.swift in Sources */,
				E3C33CBD28D4413E00386C59 /* FormatCurrency.swift in Sources */,
				E3EC2DC828D2197400A88E25 /* ClampNumber.swift in Sources */,
				E31DE7F628D5E50400DE79EF /* IsReachable.swift in Sources */,
				E3DB886C28E7549800FEE8D6 /* Constants.swift in Sources */,
				E3DB884D28E6E3AD00FEE8D6 /* HapticFeedback.swift in Sources */,
				E3EC2DE028D255BB00A88E25 /* ConvertUnixTimeToDate.swift in Sources */,
				E3CB448B28D71A180031D55F /* IsScreenLocked.swift in Sources */,
				E3EC2DD628D2430100A88E25 /* GetUniformTypeIdentifier.swift in Sources */,
				E3C33CA028D37C7E00386C59 /* TruncateList.swift in Sources */,
				E3DB885428E7057100FEE8D6 /* WriteText.swift in Sources */,
				E31DE7EC28D5DEF800DE79EF /* TruncateText.swift in Sources */,
				E324CA01271E972300E7CA9B /* MainScreen.swift in Sources */,
				E31DE7F228D5E30C00DE79EF /* IsOnline.swift in Sources */,
				E3F64D6D28D9EDFE0009B500 /* FormatDuration.swift in Sources */,
				E3C33C9A28D35F3D00386C59 /* GetMusicPlaylists.swift in Sources */,
				E34AB51828F5AA170082AE78 /* ConvertCoordinatesToLocation.swift in Sources */,
				E3EC2DC228D20D0400A88E25 /* ShuffleList.swift in Sources */,
				E33D4BA62744238300CC7A8A /* AppState.swift in Sources */,
				E3EC2DDE28D24CD900A88E25 /* ConvertDateToUnixTime.swift in Sources */,
				E3C33C9528D35B9C00386C59 /* SetFileCreationModificationDate.swift in Sources */,
				E3CF4F9828FDA7EB00BD88D5 /* GenerateRandomData.swift in Sources */,
				E3EC2DAE28D1E77700A88E25 /* TransformText.swift in Sources */,
				E3D514C828EEA8F8003F7C2E /* FlashScreen.swift in Sources */,
				E3C33CA828D3A6CB00386C59 /* IsBluetoothOn.swift in Sources */,
				E3C33CA428D38AF600386C59 /* SendFeedback.swift in Sources */,
				E3EC2DB228D1F23D00A88E25 /* GetRandomEmoticon.swift in Sources */,
				E3D514C628EEA6B9003F7C2E /* PlayAlertSound.swift in Sources */,
				E3EC2DD828D244B200A88E25 /* FormatDateDifference.swift in Sources */,
				E3CB44A828D79EF90031D55F /* ScanQRCodesInImage.swift in Sources */,
				E3DB885228E6EFBB00FEE8D6 /* ScanDocuments.swift in Sources */,
				E3DB885028E6EE7B00FEE8D6 /* HideShortcutsApp.swift in Sources */,
				E3EC2DE828D2DB1000A88E25 /* GenerateRandomText.swift in Sources */,
				E3EC2DB628D1F51F00A88E25 /* RemoveEmojis.swift in Sources */,
				E3F64D7928D9FCA20009B500 /* GetSymbolImage.swift in Sources */,
				E3BFF7B22742616400B830DE /* WriteTextScreen.swift in Sources */,
				E3DB885728E727E200FEE8D6 /* ChooseFromListExtended.swift in Sources */,
				E3D514CA28EEAAEC003F7C2E /* CalculateWithSoulver.swift in Sources */,
				E3BFF7B82742A79100B830DE /* AppIcon.swift in Sources */,
				E3EC2DB028D1EA6B00A88E25 /* GenerateUUID.swift in Sources */,
				E3EC2DE628D25DF900A88E25 /* AddToList.swift in Sources */,
				E3CB44AF28D7A6BA0031D55F /* SpellOutNumber.swift in Sources */,
				E3FC71DD271EBE5C00C9D255 /* Utilities.swift in Sources */,
				E324C9FF271E972300E7CA9B /* App.swift in Sources */,
				E3CB44AB28D7A10C0031D55F /* TranscribeAudio.swift in Sources */,
				E3EC2DE228D2588800A88E25 /* CreateURL.swift in Sources */,
				E351082F28FD099B007C85AE /* IsCellularDataOn.swift in Sources */,
				E3C33CDF28D4914C00386C59 /* GetAudioPlaybackDestination.swift in Sources */,
				E3EC2DB428D1F3A300A88E25 /* GetRandomBoolean.swift in Sources */,
				E3CB44A528D7972B0031D55F /* GetUnsplashImage.swift in Sources */,
				E31DE80928D61FE800DE79EF /* GetQueryItemsFromURL.swift in Sources */,
				E3CB449028D77E840031D55F /* PrettyPrintDictionaries.swift in Sources */,
				E3B1C3C428F5D68D009BE0B7 /* GetIndexOfListItem.swift in Sources */,
				E3CB448828D717CA0031D55F /* IsDeviceOrientation.swift in Sources */,
				E3EC2DD328D240AE00A88E25 /* SampleColor.swift in Sources */,
				E352420A28F6EEDE00A957A7 /* AskForText.swift in Sources */,
				E3EC2DBA28D1F8B500A88E25 /* GetRandomInstant.swift in Sources */,
			);
			runOnlyForDeploymentPostprocessing = 0;
		};
/* End PBXSourcesBuildPhase section */

/* Begin XCBuildConfiguration section */
		E324CA05271E972300E7CA9B /* Debug */ = {
			isa = XCBuildConfiguration;
			baseConfigurationReference = E324CA29271EA67E00E7CA9B /* Config.xcconfig */;
			buildSettings = {
				ALWAYS_SEARCH_USER_PATHS = NO;
				CLANG_ANALYZER_NONNULL = YES;
				CLANG_ANALYZER_NUMBER_OBJECT_CONVERSION = YES_AGGRESSIVE;
				CLANG_CXX_LANGUAGE_STANDARD = "gnu++17";
				CLANG_CXX_LIBRARY = "libc++";
				CLANG_ENABLE_MODULES = YES;
				CLANG_ENABLE_OBJC_ARC = YES;
				CLANG_ENABLE_OBJC_WEAK = YES;
				CLANG_WARN_BLOCK_CAPTURE_AUTORELEASING = YES;
				CLANG_WARN_BOOL_CONVERSION = YES;
				CLANG_WARN_COMMA = YES;
				CLANG_WARN_CONSTANT_CONVERSION = YES;
				CLANG_WARN_DEPRECATED_OBJC_IMPLEMENTATIONS = YES;
				CLANG_WARN_DIRECT_OBJC_ISA_USAGE = YES_ERROR;
				CLANG_WARN_DOCUMENTATION_COMMENTS = YES;
				CLANG_WARN_EMPTY_BODY = YES;
				CLANG_WARN_ENUM_CONVERSION = YES;
				CLANG_WARN_INFINITE_RECURSION = YES;
				CLANG_WARN_INT_CONVERSION = YES;
				CLANG_WARN_NON_LITERAL_NULL_CONVERSION = YES;
				CLANG_WARN_OBJC_IMPLICIT_RETAIN_SELF = YES;
				CLANG_WARN_OBJC_LITERAL_CONVERSION = YES;
				CLANG_WARN_OBJC_ROOT_CLASS = YES_ERROR;
				CLANG_WARN_QUOTED_INCLUDE_IN_FRAMEWORK_HEADER = YES;
				CLANG_WARN_RANGE_LOOP_ANALYSIS = YES;
				CLANG_WARN_STRICT_PROTOTYPES = YES;
				CLANG_WARN_SUSPICIOUS_MOVE = YES;
				CLANG_WARN_UNGUARDED_AVAILABILITY = YES_AGGRESSIVE;
				CLANG_WARN_UNREACHABLE_CODE = YES;
				CLANG_WARN__DUPLICATE_METHOD_MATCH = YES;
				COPY_PHASE_STRIP = NO;
				DEAD_CODE_STRIPPING = YES;
				DEBUG_INFORMATION_FORMAT = dwarf;
				ENABLE_STRICT_OBJC_MSGSEND = YES;
				ENABLE_TESTABILITY = YES;
				GCC_C_LANGUAGE_STANDARD = gnu11;
				GCC_DYNAMIC_NO_PIC = NO;
				GCC_NO_COMMON_BLOCKS = YES;
				GCC_OPTIMIZATION_LEVEL = 0;
				GCC_PREPROCESSOR_DEFINITIONS = (
					"DEBUG=1",
					"$(inherited)",
				);
				GCC_WARN_64_TO_32_BIT_CONVERSION = YES;
				GCC_WARN_ABOUT_RETURN_TYPE = YES_ERROR;
				GCC_WARN_UNDECLARED_SELECTOR = YES;
				GCC_WARN_UNINITIALIZED_AUTOS = YES_AGGRESSIVE;
				GCC_WARN_UNUSED_FUNCTION = YES;
				GCC_WARN_UNUSED_VARIABLE = YES;
				IPHONEOS_DEPLOYMENT_TARGET = 16.1;
				MACOSX_DEPLOYMENT_TARGET = 13.0;
				MTL_ENABLE_DEBUG_INFO = INCLUDE_SOURCE;
				MTL_FAST_MATH = YES;
				ONLY_ACTIVE_ARCH = YES;
				SWIFT_ACTIVE_COMPILATION_CONDITIONS = DEBUG;
				SWIFT_OPTIMIZATION_LEVEL = "-Onone";
				SWIFT_VERSION = 5.0;
			};
			name = Debug;
		};
		E324CA06271E972300E7CA9B /* Release */ = {
			isa = XCBuildConfiguration;
			baseConfigurationReference = E324CA29271EA67E00E7CA9B /* Config.xcconfig */;
			buildSettings = {
				ALWAYS_SEARCH_USER_PATHS = NO;
				CLANG_ANALYZER_NONNULL = YES;
				CLANG_ANALYZER_NUMBER_OBJECT_CONVERSION = YES_AGGRESSIVE;
				CLANG_CXX_LANGUAGE_STANDARD = "gnu++17";
				CLANG_CXX_LIBRARY = "libc++";
				CLANG_ENABLE_MODULES = YES;
				CLANG_ENABLE_OBJC_ARC = YES;
				CLANG_ENABLE_OBJC_WEAK = YES;
				CLANG_WARN_BLOCK_CAPTURE_AUTORELEASING = YES;
				CLANG_WARN_BOOL_CONVERSION = YES;
				CLANG_WARN_COMMA = YES;
				CLANG_WARN_CONSTANT_CONVERSION = YES;
				CLANG_WARN_DEPRECATED_OBJC_IMPLEMENTATIONS = YES;
				CLANG_WARN_DIRECT_OBJC_ISA_USAGE = YES_ERROR;
				CLANG_WARN_DOCUMENTATION_COMMENTS = YES;
				CLANG_WARN_EMPTY_BODY = YES;
				CLANG_WARN_ENUM_CONVERSION = YES;
				CLANG_WARN_INFINITE_RECURSION = YES;
				CLANG_WARN_INT_CONVERSION = YES;
				CLANG_WARN_NON_LITERAL_NULL_CONVERSION = YES;
				CLANG_WARN_OBJC_IMPLICIT_RETAIN_SELF = YES;
				CLANG_WARN_OBJC_LITERAL_CONVERSION = YES;
				CLANG_WARN_OBJC_ROOT_CLASS = YES_ERROR;
				CLANG_WARN_QUOTED_INCLUDE_IN_FRAMEWORK_HEADER = YES;
				CLANG_WARN_RANGE_LOOP_ANALYSIS = YES;
				CLANG_WARN_STRICT_PROTOTYPES = YES;
				CLANG_WARN_SUSPICIOUS_MOVE = YES;
				CLANG_WARN_UNGUARDED_AVAILABILITY = YES_AGGRESSIVE;
				CLANG_WARN_UNREACHABLE_CODE = YES;
				CLANG_WARN__DUPLICATE_METHOD_MATCH = YES;
				COPY_PHASE_STRIP = NO;
				DEAD_CODE_STRIPPING = YES;
				DEBUG_INFORMATION_FORMAT = "dwarf-with-dsym";
				ENABLE_NS_ASSERTIONS = NO;
				ENABLE_STRICT_OBJC_MSGSEND = YES;
				GCC_C_LANGUAGE_STANDARD = gnu11;
				GCC_NO_COMMON_BLOCKS = YES;
				GCC_WARN_64_TO_32_BIT_CONVERSION = YES;
				GCC_WARN_ABOUT_RETURN_TYPE = YES_ERROR;
				GCC_WARN_UNDECLARED_SELECTOR = YES;
				GCC_WARN_UNINITIALIZED_AUTOS = YES_AGGRESSIVE;
				GCC_WARN_UNUSED_FUNCTION = YES;
				GCC_WARN_UNUSED_VARIABLE = YES;
				IPHONEOS_DEPLOYMENT_TARGET = 16.1;
				MACOSX_DEPLOYMENT_TARGET = 13.0;
				MTL_ENABLE_DEBUG_INFO = NO;
				MTL_FAST_MATH = YES;
				SWIFT_COMPILATION_MODE = wholemodule;
				SWIFT_OPTIMIZATION_LEVEL = "-O";
				SWIFT_VERSION = 5.0;
			};
			name = Release;
		};
		E324CA08271E972300E7CA9B /* Debug */ = {
			isa = XCBuildConfiguration;
			buildSettings = {
				ASSETCATALOG_COMPILER_APPICON_NAME = AppIcon;
				ASSETCATALOG_COMPILER_GLOBAL_ACCENT_COLOR_NAME = AccentColor;
				ASSETCATALOG_COMPILER_INCLUDE_ALL_APPICON_ASSETS = NO;
				CODE_SIGN_ENTITLEMENTS = Shared/Actions.entitlements;
				CODE_SIGN_IDENTITY = "Apple Development";
				CODE_SIGN_STYLE = Automatic;
				DEVELOPMENT_TEAM = YG56YK5RN5;
				ENABLE_BITCODE = NO;
				"ENABLE_HARDENED_RUNTIME[sdk=macosx*]" = YES;
				ENABLE_PREVIEWS = YES;
				GENERATE_INFOPLIST_FILE = YES;
				INFOPLIST_FILE = Shared/Info.plist;
				INFOPLIST_KEY_LSApplicationCategoryType = "public.app-category.utilities";
				INFOPLIST_KEY_NSAppleMusicUsageDescription = "Required to use the “Get Music Playlists” action.";
				INFOPLIST_KEY_NSBluetoothAlwaysUsageDescription = "Required to use the “Is Bluetooth On” action.";
				INFOPLIST_KEY_NSBluetoothPeripheralUsageDescription = "Required to use the “Is Bluetooth On” action.";
				INFOPLIST_KEY_NSCameraUsageDescription = "Required to use the “Scan Documents” action.";
				INFOPLIST_KEY_NSContactsUsageDescription = "Required to get the user's name in the “Get User Details” action.";
				INFOPLIST_KEY_NSFaceIDUsageDescription = "Required to use the “Authenticate” action.";
				INFOPLIST_KEY_NSSpeechRecognitionUsageDescription = "Required to use the “Transcribe Audio” action.";
				INFOPLIST_KEY_UIApplicationSceneManifest_Generation = YES;
				INFOPLIST_KEY_UIApplicationSupportsIndirectInputEvents = YES;
				INFOPLIST_KEY_UILaunchScreen_Generation = YES;
				INFOPLIST_KEY_UISupportedInterfaceOrientations = "";
				INFOPLIST_KEY_UISupportedInterfaceOrientations_iPad = "UIInterfaceOrientationPortrait UIInterfaceOrientationPortraitUpsideDown UIInterfaceOrientationLandscapeLeft UIInterfaceOrientationLandscapeRight";
				INFOPLIST_KEY_UISupportedInterfaceOrientations_iPhone = "UIInterfaceOrientationPortrait UIInterfaceOrientationLandscapeLeft UIInterfaceOrientationLandscapeRight";
				LD_RUNPATH_SEARCH_PATHS = (
					"$(inherited)",
					"@executable_path/Frameworks",
					"@executable_path/../Frameworks",
				);
				PRODUCT_BUNDLE_IDENTIFIER = com.sindresorhus.Actions;
				PRODUCT_NAME = Actions;
				PROVISIONING_PROFILE_SPECIFIER = "";
				SDKROOT = iphoneos;
				SUPPORTED_PLATFORMS = "iphoneos iphonesimulator macosx";
				SUPPORTS_MACCATALYST = NO;
				SUPPORTS_MAC_DESIGNED_FOR_IPHONE_IPAD = NO;
				SWIFT_EMIT_LOC_STRINGS = YES;
				TARGETED_DEVICE_FAMILY = "1,2";
			};
			name = Debug;
		};
		E324CA09271E972300E7CA9B /* Release */ = {
			isa = XCBuildConfiguration;
			buildSettings = {
				ASSETCATALOG_COMPILER_APPICON_NAME = AppIcon;
				ASSETCATALOG_COMPILER_GLOBAL_ACCENT_COLOR_NAME = AccentColor;
				ASSETCATALOG_COMPILER_INCLUDE_ALL_APPICON_ASSETS = NO;
				CODE_SIGN_ENTITLEMENTS = Shared/Actions.entitlements;
				CODE_SIGN_IDENTITY = "Apple Development";
				CODE_SIGN_STYLE = Automatic;
				DEVELOPMENT_TEAM = YG56YK5RN5;
				ENABLE_BITCODE = NO;
				"ENABLE_HARDENED_RUNTIME[sdk=macosx*]" = YES;
				ENABLE_PREVIEWS = YES;
				GENERATE_INFOPLIST_FILE = YES;
				INFOPLIST_FILE = Shared/Info.plist;
				INFOPLIST_KEY_LSApplicationCategoryType = "public.app-category.utilities";
				INFOPLIST_KEY_NSAppleMusicUsageDescription = "Required to use the “Get Music Playlists” action.";
				INFOPLIST_KEY_NSBluetoothAlwaysUsageDescription = "Required to use the “Is Bluetooth On” action.";
				INFOPLIST_KEY_NSBluetoothPeripheralUsageDescription = "Required to use the “Is Bluetooth On” action.";
				INFOPLIST_KEY_NSCameraUsageDescription = "Required to use the “Scan Documents” action.";
				INFOPLIST_KEY_NSContactsUsageDescription = "Required to get the user's name in the “Get User Details” action.";
				INFOPLIST_KEY_NSFaceIDUsageDescription = "Required to use the “Authenticate” action.";
				INFOPLIST_KEY_NSSpeechRecognitionUsageDescription = "Required to use the “Transcribe Audio” action.";
				INFOPLIST_KEY_UIApplicationSceneManifest_Generation = YES;
				INFOPLIST_KEY_UIApplicationSupportsIndirectInputEvents = YES;
				INFOPLIST_KEY_UILaunchScreen_Generation = YES;
				INFOPLIST_KEY_UISupportedInterfaceOrientations = "";
				INFOPLIST_KEY_UISupportedInterfaceOrientations_iPad = "UIInterfaceOrientationPortrait UIInterfaceOrientationPortraitUpsideDown UIInterfaceOrientationLandscapeLeft UIInterfaceOrientationLandscapeRight";
				INFOPLIST_KEY_UISupportedInterfaceOrientations_iPhone = "UIInterfaceOrientationPortrait UIInterfaceOrientationLandscapeLeft UIInterfaceOrientationLandscapeRight";
				LD_RUNPATH_SEARCH_PATHS = (
					"$(inherited)",
					"@executable_path/Frameworks",
					"@executable_path/../Frameworks",
				);
				PRODUCT_BUNDLE_IDENTIFIER = com.sindresorhus.Actions;
				PRODUCT_NAME = Actions;
				PROVISIONING_PROFILE_SPECIFIER = "";
				SDKROOT = iphoneos;
				SUPPORTED_PLATFORMS = "iphoneos iphonesimulator macosx";
				SUPPORTS_MACCATALYST = NO;
				SUPPORTS_MAC_DESIGNED_FOR_IPHONE_IPAD = NO;
				SWIFT_EMIT_LOC_STRINGS = YES;
				TARGETED_DEVICE_FAMILY = "1,2";
				VALIDATE_PRODUCT = YES;
			};
			name = Release;
		};
/* End XCBuildConfiguration section */

/* Begin XCConfigurationList section */
		E324C9ED271E972100E7CA9B /* Build configuration list for PBXProject "Actions" */ = {
			isa = XCConfigurationList;
			buildConfigurations = (
				E324CA05271E972300E7CA9B /* Debug */,
				E324CA06271E972300E7CA9B /* Release */,
			);
			defaultConfigurationIsVisible = 0;
			defaultConfigurationName = Release;
		};
		E324CA07271E972300E7CA9B /* Build configuration list for PBXNativeTarget "Actions" */ = {
			isa = XCConfigurationList;
			buildConfigurations = (
				E324CA08271E972300E7CA9B /* Debug */,
				E324CA09271E972300E7CA9B /* Release */,
			);
			defaultConfigurationIsVisible = 0;
			defaultConfigurationName = Release;
		};
/* End XCConfigurationList section */

/* Begin XCRemoteSwiftPackageReference section */
		E32B4F3227FD77700057F08D /* XCRemoteSwiftPackageReference "ExceptionCatcher" */ = {
			isa = XCRemoteSwiftPackageReference;
			repositoryURL = "https://github.com/sindresorhus/ExceptionCatcher";
			requirement = {
				kind = upToNextMajorVersion;
				minimumVersion = 2.0.0;
			};
		};
		E3327E95272C68DE00AD5CC7 /* XCRemoteSwiftPackageReference "sentry-cocoa" */ = {
			isa = XCRemoteSwiftPackageReference;
			repositoryURL = "https://github.com/getsentry/sentry-cocoa";
			requirement = {
				kind = upToNextMajorVersion;
				minimumVersion = 7.29.0;
			};
		};
		E337A3E227E8B66D0073E865 /* XCRemoteSwiftPackageReference "FuzzyFind" */ = {
			isa = XCRemoteSwiftPackageReference;
			repositoryURL = "https://github.com/truizlop/FuzzyFind";
			requirement = {
				kind = upToNextMajorVersion;
				minimumVersion = 0.1.0;
			};
		};
		E396D5882910EC91002A1043 /* XCRemoteSwiftPackageReference "SoulverCore" */ = {
			isa = XCRemoteSwiftPackageReference;
			repositoryURL = "https://github.com/soulverteam/SoulverCore";
			requirement = {
				kind = upToNextMajorVersion;
				minimumVersion = 2.2.5;
			};
		};
/* End XCRemoteSwiftPackageReference section */

/* Begin XCSwiftPackageProductDependency section */
		E337A3E527E8BA6B0073E865 /* FuzzyFind */ = {
			isa = XCSwiftPackageProductDependency;
			package = E337A3E227E8B66D0073E865 /* XCRemoteSwiftPackageReference "FuzzyFind" */;
			productName = FuzzyFind;
		};
		E351083828FD8089007C85AE /* Sentry */ = {
			isa = XCSwiftPackageProductDependency;
			package = E3327E95272C68DE00AD5CC7 /* XCRemoteSwiftPackageReference "sentry-cocoa" */;
			productName = Sentry;
		};
		E396D5892910EC91002A1043 /* SoulverCore */ = {
			isa = XCSwiftPackageProductDependency;
			package = E396D5882910EC91002A1043 /* XCRemoteSwiftPackageReference "SoulverCore" */;
			productName = SoulverCore;
		};
		E3F64D6F28D9EFE80009B500 /* ExceptionCatcher */ = {
			isa = XCSwiftPackageProductDependency;
			package = E32B4F3227FD77700057F08D /* XCRemoteSwiftPackageReference "ExceptionCatcher" */;
			productName = ExceptionCatcher;
		};
/* End XCSwiftPackageProductDependency section */
	};
	rootObject = E324C9EA271E972100E7CA9B /* Project object */;
}
